
Microsoft Visual Studio Solution File, Format Version 12.00
# Visual Studio 15
VisualStudioVersion = 15.0.28307.271
MinimumVisualStudioVersion = 10.0.40219.1
Project("{FAE04EC0-301F-11D3-BF4B-00C04F79EFBC}") = "Patterns", "Patterns\Patterns.csproj", "{920EB388-AC78-4AE0-A18D-BA1A687F520B}"
EndProject
Global
	GlobalSection(SolutionConfigurationPlatforms) = preSolution
		Debug|Any CPU = Debug|Any CPU
		Release|Any CPU = Release|Any CPU
	EndGlobalSection
	GlobalSection(ProjectConfigurationPlatforms) = postSolution
		{920EB388-AC78-4AE0-A18D-BA1A687F520B}.Debug|Any CPU.ActiveCfg = Debug|Any CPU
		{920EB388-AC78-4AE0-A18D-BA1A687F520B}.Debug|Any CPU.Build.0 = Debug|Any CPU
		{920EB388-AC78-4AE0-A18D-BA1A687F520B}.Release|Any CPU.ActiveCfg = Release|Any CPU
		{920EB388-AC78-4AE0-A18D-BA1A687F520B}.Release|Any CPU.Build.0 = Release|Any CPU
	EndGlobalSection
	GlobalSection(SolutionProperties) = preSolution
		HideSolutionNode = FALSE
	EndGlobalSection
	GlobalSection(ExtensibilityGlobals) = postSolution
		SolutionGuid = {1F7B8D50-E5AB-4DD2-B719-FB2D18486257}
	EndGlobalSection
EndGlobal
